uuid: 3e1a3171-cacf-4b3b-8696-91ebd03cb98a
langcode: en
status: true
dependencies:
  config:
    - views.view.group_menu_view
  module:
    - ctools
    - views
  theme:
    - cloudy
id: views_block__group_menu_view_block
theme: cloudy
region: menu
weight: 0
provider: null
plugin: 'views_block:group_menu_view-block_1'
settings:
  id: 'views_block:group_menu_view-block_1'
  label: ''
  provider: views
  label_display: '0'
  views_label: ''
  items_per_page: none
  context_mapping: {  }
visibility:
  'entity_bundle:node':
    id: 'entity_bundle:node'
    bundles:
      page: page
    negate: false
    context_mapping:
      node: '@node.node_route_context:node'
